
Microsoft Visual Studio Solution File, Format Version 12.00
# Visual Studio Version 16
VisualStudioVersion = 16.0.31515.178
MinimumVisualStudioVersion = 10.0.40219.1
Project("{2150E333-8FDC-42A3-9474-1A3956D46DE8}") = "Services", "Services", "{364787F4-C4BF-4C5A-8078-B1E82C123DBC}"
EndProject
Project("{2150E333-8FDC-42A3-9474-1A3956D46DE8}") = "Catalog", "Catalog", "{0F9E19E0-A6BF-4B45-9CB3-6202863DE419}"
EndProject
Project("{9A19103F-16F7-4668-BE54-9A1E7A4F7556}") = "Catalog.API", "Services\Catalog\Catalog.API\Catalog.API.csproj", "{28523DD4-D7D8-4F2D-82F3-DB67C0DD6FEB}"
EndProject
Project("{E53339B2-1760-4266-BCC7-CA923CBCF16C}") = "docker-compose", "docker-compose.dcproj", "{6BB9387D-3854-4BA1-97BA-8CE0A8CB0115}"
EndProject
Global
	GlobalSection(SolutionConfigurationPlatforms) = preSolution
		Debug|Any CPU = Debug|Any CPU
		Release|Any CPU = Release|Any CPU
	EndGlobalSection
	GlobalSection(ProjectConfigurationPlatforms) = postSolution
		{28523DD4-D7D8-4F2D-82F3-DB67C0DD6FEB}.Debug|Any CPU.ActiveCfg = Debug|Any CPU
		{28523DD4-D7D8-4F2D-82F3-DB67C0DD6FEB}.Debug|Any CPU.Build.0 = Debug|Any CPU
		{28523DD4-D7D8-4F2D-82F3-DB67C0DD6FEB}.Release|Any CPU.ActiveCfg = Release|Any CPU
		{28523DD4-D7D8-4F2D-82F3-DB67C0DD6FEB}.Release|Any CPU.Build.0 = Release|Any CPU
		{6BB9387D-3854-4BA1-97BA-8CE0A8CB0115}.Debug|Any CPU.ActiveCfg = Debug|Any CPU
		{6BB9387D-3854-4BA1-97BA-8CE0A8CB0115}.Debug|Any CPU.Build.0 = Debug|Any CPU
		{6BB9387D-3854-4BA1-97BA-8CE0A8CB0115}.Release|Any CPU.ActiveCfg = Release|Any CPU
		{6BB9387D-3854-4BA1-97BA-8CE0A8CB0115}.Release|Any CPU.Build.0 = Release|Any CPU
	EndGlobalSection
	GlobalSection(SolutionProperties) = preSolution
		HideSolutionNode = FALSE
	EndGlobalSection
	GlobalSection(NestedProjects) = preSolution
		{0F9E19E0-A6BF-4B45-9CB3-6202863DE419} = {364787F4-C4BF-4C5A-8078-B1E82C123DBC}
		{28523DD4-D7D8-4F2D-82F3-DB67C0DD6FEB} = {0F9E19E0-A6BF-4B45-9CB3-6202863DE419}
	EndGlobalSection
	GlobalSection(ExtensibilityGlobals) = postSolution
		SolutionGuid = {AF1E12F7-1898-40A8-8F5F-88A0C05BA9D2}
	EndGlobalSection
EndGlobal
